
Microsoft Visual Studio Solution File, Format Version 12.00
# Visual Studio 15
VisualStudioVersion = 15.0.28307.1259
MinimumVisualStudioVersion = 10.0.40219.1
Project("{FAE04EC0-301F-11D3-BF4B-00C04F79EFBC}") = "MaquinaCafeVirtual", "MaquinaCafeVirtual\MaquinaCafeVirtual.csproj", "{D09BC105-FBE7-4470-A95C-36AF22FE03FB}"
EndProject
Global
	GlobalSection(SolutionConfigurationPlatforms) = preSolution
		Debug|Any CPU = Debug|Any CPU
		Release|Any CPU = Release|Any CPU
	EndGlobalSection
	GlobalSection(ProjectConfigurationPlatforms) = postSolution
		{D09BC105-FBE7-4470-A95C-36AF22FE03FB}.Debug|Any CPU.ActiveCfg = Debug|Any CPU
		{D09BC105-FBE7-4470-A95C-36AF22FE03FB}.Debug|Any CPU.Build.0 = Debug|Any CPU
		{D09BC105-FBE7-4470-A95C-36AF22FE03FB}.Release|Any CPU.ActiveCfg = Release|Any CPU
		{D09BC105-FBE7-4470-A95C-36AF22FE03FB}.Release|Any CPU.Build.0 = Release|Any CPU
	EndGlobalSection
	GlobalSection(SolutionProperties) = preSolution
		HideSolutionNode = FALSE
	EndGlobalSection
	GlobalSection(ExtensibilityGlobals) = postSolution
		SolutionGuid = {E3D3DD3C-8F15-4B61-80F7-EAAFC6AAAA04}
	EndGlobalSection
EndGlobal
